
Microsoft Visual Studio Solution File, Format Version 12.00
# Visual Studio Version 16
VisualStudioVersion = 16.0.31321.278
MinimumVisualStudioVersion = 10.0.40219.1
Project("{9A19103F-16F7-4668-BE54-9A1E7A4F7556}") = "ExpertransDaoTao", "ExpertransDaoTao\ExpertransDaoTao.csproj", "{B2A2AA4F-BF7D-400D-A919-31A41F1CD31F}"
EndProject
Global
	GlobalSection(SolutionConfigurationPlatforms) = preSolution
		Debug|Any CPU = Debug|Any CPU
		Release|Any CPU = Release|Any CPU
	EndGlobalSection
	GlobalSection(ProjectConfigurationPlatforms) = postSolution
		{B2A2AA4F-BF7D-400D-A919-31A41F1CD31F}.Debug|Any CPU.ActiveCfg = Debug|Any CPU
		{B2A2AA4F-BF7D-400D-A919-31A41F1CD31F}.Debug|Any CPU.Build.0 = Debug|Any CPU
		{B2A2AA4F-BF7D-400D-A919-31A41F1CD31F}.Release|Any CPU.ActiveCfg = Release|Any CPU
		{B2A2AA4F-BF7D-400D-A919-31A41F1CD31F}.Release|Any CPU.Build.0 = Release|Any CPU
	EndGlobalSection
	GlobalSection(SolutionProperties) = preSolution
		HideSolutionNode = FALSE
	EndGlobalSection
	GlobalSection(ExtensibilityGlobals) = postSolution
		SolutionGuid = {877C2BA5-7EE5-4F83-BC01-2C95AC7422FB}
	EndGlobalSection
EndGlobal
